
Microsoft Visual Studio Solution File, Format Version 12.00
# Visual Studio Version 16
VisualStudioVersion = 16.0.31624.102
MinimumVisualStudioVersion = 10.0.40219.1
Project("{FAE04EC0-301F-11D3-BF4B-00C04F79EFBC}") = "UniversityApp", "UniversityApp\UniversityApp.csproj", "{74E6A7D6-1A5D-42D3-8EE0-F615B674FC02}"
EndProject
Global
	GlobalSection(SolutionConfigurationPlatforms) = preSolution
		Debug|Any CPU = Debug|Any CPU
		Release|Any CPU = Release|Any CPU
	EndGlobalSection
	GlobalSection(ProjectConfigurationPlatforms) = postSolution
		{74E6A7D6-1A5D-42D3-8EE0-F615B674FC02}.Debug|Any CPU.ActiveCfg = Debug|Any CPU
		{74E6A7D6-1A5D-42D3-8EE0-F615B674FC02}.Debug|Any CPU.Build.0 = Debug|Any CPU
		{74E6A7D6-1A5D-42D3-8EE0-F615B674FC02}.Release|Any CPU.ActiveCfg = Release|Any CPU
		{74E6A7D6-1A5D-42D3-8EE0-F615B674FC02}.Release|Any CPU.Build.0 = Release|Any CPU
	EndGlobalSection
	GlobalSection(SolutionProperties) = preSolution
		HideSolutionNode = FALSE
	EndGlobalSection
	GlobalSection(ExtensibilityGlobals) = postSolution
		SolutionGuid = {23F7E539-5471-4CCC-82D2-233208BA4C83}
	EndGlobalSection
EndGlobal
